// !$*UTF8*$!
{
	archiveVersion = 1;
	classes = {
	};
	objectVersion = 56;
	objects = {

/* Begin PBXBuildFile section */
		3B0BB6B22B52A1C800D6882F /* FakeStore_APPApp.swift in Sources */ = {isa = PBXBuildFile; fileRef = 3B0BB6B12B52A1C800D6882F /* FakeStore_APPApp.swift */; };
		3B0BB6B42B52A1C800D6882F /* HomeScreen.swift in Sources */ = {isa = PBXBuildFile; fileRef = 3B0BB6B32B52A1C800D6882F /* HomeScreen.swift */; };
		3B0BB6B62B52A1C900D6882F /* Assets.xcassets in Resources */ = {isa = PBXBuildFile; fileRef = 3B0BB6B52B52A1C900D6882F /* Assets.xcassets */; };
		3B0BB6B92B52A1C900D6882F /* Preview Assets.xcassets in Resources */ = {isa = PBXBuildFile; fileRef = 3B0BB6B82B52A1C900D6882F /* Preview Assets.xcassets */; };
		3B0BB6C42B52A51600D6882F /* LoginScreen.swift in Sources */ = {isa = PBXBuildFile; fileRef = 3B0BB6C32B52A51600D6882F /* LoginScreen.swift */; };
		3B0BB6C62B52A8FA00D6882F /* CustomTextField.swift in Sources */ = {isa = PBXBuildFile; fileRef = 3B0BB6C52B52A8FA00D6882F /* CustomTextField.swift */; };
		3B0BB6CE2B52B4A200D6882F /* CustomSecureField.swift in Sources */ = {isa = PBXBuildFile; fileRef = 3B0BB6CD2B52B4A200D6882F /* CustomSecureField.swift */; };
		3B0BB6D12B52C5E300D6882F /* SessionManager.swift in Sources */ = {isa = PBXBuildFile; fileRef = 3B0BB6D02B52C5E300D6882F /* SessionManager.swift */; };
		3B0BB6D52B52C78300D6882F /* MainAppScreen.swift in Sources */ = {isa = PBXBuildFile; fileRef = 3B0BB6D42B52C78300D6882F /* MainAppScreen.swift */; };
		3B0BB6D72B52CA3200D6882F /* OnboardingScreen.swift in Sources */ = {isa = PBXBuildFile; fileRef = 3B0BB6D62B52CA3200D6882F /* OnboardingScreen.swift */; };
		3B0BB6D92B52E94000D6882F /* OnboardingView.swift in Sources */ = {isa = PBXBuildFile; fileRef = 3B0BB6D82B52E94000D6882F /* OnboardingView.swift */; };
		3B0BB6DD2B52E9E000D6882F /* OnboardingManager.swift in Sources */ = {isa = PBXBuildFile; fileRef = 3B0BB6DC2B52E9E000D6882F /* OnboardingManager.swift */; };
		3B0BB6E02B52EA5A00D6882F /* OnboardingItem.swift in Sources */ = {isa = PBXBuildFile; fileRef = 3B0BB6DF2B52EA5A00D6882F /* OnboardingItem.swift */; };
		3B0BB6E42B52F85400D6882F /* EmailView.swift in Sources */ = {isa = PBXBuildFile; fileRef = 3B0BB6E32B52F85400D6882F /* EmailView.swift */; };
		3B0BB6E62B52FB1500D6882F /* PasswordView.swift in Sources */ = {isa = PBXBuildFile; fileRef = 3B0BB6E52B52FB1500D6882F /* PasswordView.swift */; };
		3B0BB6E82B52FCAB00D6882F /* SignUpScreen.swift in Sources */ = {isa = PBXBuildFile; fileRef = 3B0BB6E72B52FCAB00D6882F /* SignUpScreen.swift */; };
		3B0BB6EA2B52FD7B00D6882F /* AuthManager.swift in Sources */ = {isa = PBXBuildFile; fileRef = 3B0BB6E92B52FD7B00D6882F /* AuthManager.swift */; };
		3B0BB6EC2B5304E900D6882F /* User.swift in Sources */ = {isa = PBXBuildFile; fileRef = 3B0BB6EB2B5304E900D6882F /* User.swift */; };
		3B0BB6F32B54481700D6882F /* HTTPClient.swift in Sources */ = {isa = PBXBuildFile; fileRef = 3B0BB6F22B54481700D6882F /* HTTPClient.swift */; };
		3B0BB6F92B544BD900D6882F /* ImageCache.swift in Sources */ = {isa = PBXBuildFile; fileRef = 3B0BB6F82B544BD900D6882F /* ImageCache.swift */; };
		3B0BB6FB2B544BDC00D6882F /* CachedImageManager.swift in Sources */ = {isa = PBXBuildFile; fileRef = 3B0BB6FA2B544BDC00D6882F /* CachedImageManager.swift */; };
		3B0BB6FD2B544BDE00D6882F /* ImageRetriever.swift in Sources */ = {isa = PBXBuildFile; fileRef = 3B0BB6FC2B544BDE00D6882F /* ImageRetriever.swift */; };
		3B0BB6FF2B544BE100D6882F /* CachedImage.swift in Sources */ = {isa = PBXBuildFile; fileRef = 3B0BB6FE2B544BE100D6882F /* CachedImage.swift */; };
		3B0BB7012B545E9B00D6882F /* NameView.swift in Sources */ = {isa = PBXBuildFile; fileRef = 3B0BB7002B545E9B00D6882F /* NameView.swift */; };
		3B0BB7032B5706EB00D6882F /* CreateUserResponseDTO.swift in Sources */ = {isa = PBXBuildFile; fileRef = 3B0BB7022B5706EB00D6882F /* CreateUserResponseDTO.swift */; };
		3B33F2942B6A894500A2B7C2 /* CategoryResponseDTO.swift in Sources */ = {isa = PBXBuildFile; fileRef = 3B33F2932B6A894500A2B7C2 /* CategoryResponseDTO.swift */; };
		3B33F2962B6A96AC00A2B7C2 /* CustomPicker.swift in Sources */ = {isa = PBXBuildFile; fileRef = 3B33F2952B6A96AC00A2B7C2 /* CustomPicker.swift */; };
		3B33F2982B6AD32000A2B7C2 /* ProductsResponseDTO.swift in Sources */ = {isa = PBXBuildFile; fileRef = 3B33F2972B6AD32000A2B7C2 /* ProductsResponseDTO.swift */; };
		3B798F362B618AC400E07E9A /* TextInputField.swift in Sources */ = {isa = PBXBuildFile; fileRef = 3B798F352B618AC400E07E9A /* TextInputField.swift */; };
		3B801F592B619CE5007FD851 /* ValidationTextField.swift in Sources */ = {isa = PBXBuildFile; fileRef = 3B801F582B619CE5007FD851 /* ValidationTextField.swift */; };
		3B801F5B2B61A45D007FD851 /* ValidationSecureField.swift in Sources */ = {isa = PBXBuildFile; fileRef = 3B801F5A2B61A45D007FD851 /* ValidationSecureField.swift */; };
		3B801F5D2B61AE61007FD851 /* trytextfield.swift in Sources */ = {isa = PBXBuildFile; fileRef = 3B801F5C2B61AE61007FD851 /* trytextfield.swift */; };
		3B8BC8472B570D7B00A21F6B /* EndPointEnum.swift in Sources */ = {isa = PBXBuildFile; fileRef = 3B8BC8462B570D7B00A21F6B /* EndPointEnum.swift */; };
		3B8BC8492B5712F300A21F6B /* DeleteProductResponseDTO.swift in Sources */ = {isa = PBXBuildFile; fileRef = 3B8BC8482B5712F300A21F6B /* DeleteProductResponseDTO.swift */; };
		3B995CDD2B59D13800E97DD7 /* Auth.swift in Sources */ = {isa = PBXBuildFile; fileRef = 3B995CDC2B59D13800E97DD7 /* Auth.swift */; };
		3BB45C952B658BA800D20081 /* NameView1.swift in Sources */ = {isa = PBXBuildFile; fileRef = 3BB45C942B658BA800D20081 /* NameView1.swift */; };
		3BB45C972B65AEBD00D20081 /* EmailView1.swift in Sources */ = {isa = PBXBuildFile; fileRef = 3BB45C962B65AEBD00D20081 /* EmailView1.swift */; };
		3BB45C992B66B97100D20081 /* TextInputSecureField.swift in Sources */ = {isa = PBXBuildFile; fileRef = 3BB45C982B66B97100D20081 /* TextInputSecureField.swift */; };
		3BB45C9B2B66BB6900D20081 /* PasswordView1.swift in Sources */ = {isa = PBXBuildFile; fileRef = 3BB45C9A2B66BB6900D20081 /* PasswordView1.swift */; };
		3BF26F132B5DA3DA00DFDF2B /* Extension+String.swift in Sources */ = {isa = PBXBuildFile; fileRef = 3BF26F122B5DA3DA00DFDF2B /* Extension+String.swift */; };
		3BF26F1C2B5EEEAA00DFDF2B /* HomeScreenViewModel.swift in Sources */ = {isa = PBXBuildFile; fileRef = 3BF26F1B2B5EEEAA00DFDF2B /* HomeScreenViewModel.swift */; };
/* End PBXBuildFile section */

/* Begin PBXFileReference section */
		3B0BB6AE2B52A1C800D6882F /* FakeStore APP.app */ = {isa = PBXFileReference; explicitFileType = wrapper.application; includeInIndex = 0; path = "FakeStore APP.app"; sourceTree = BUILT_PRODUCTS_DIR; };
		3B0BB6B12B52A1C800D6882F /* FakeStore_APPApp.swift */ = {isa = PBXFileReference; lastKnownFileType = sourcecode.swift; path = FakeStore_APPApp.swift; sourceTree = "<group>"; };
		3B0BB6B32B52A1C800D6882F /* HomeScreen.swift */ = {isa = PBXFileReference; lastKnownFileType = sourcecode.swift; path = HomeScreen.swift; sourceTree = "<group>"; };
		3B0BB6B52B52A1C900D6882F /* Assets.xcassets */ = {isa = PBXFileReference; lastKnownFileType = folder.assetcatalog; path = Assets.xcassets; sourceTree = "<group>"; };
		3B0BB6B82B52A1C900D6882F /* Preview Assets.xcassets */ = {isa = PBXFileReference; lastKnownFileType = folder.assetcatalog; path = "Preview Assets.xcassets"; sourceTree = "<group>"; };
		3B0BB6C32B52A51600D6882F /* LoginScreen.swift */ = {isa = PBXFileReference; lastKnownFileType = sourcecode.swift; path = LoginScreen.swift; sourceTree = "<group>"; };
		3B0BB6C52B52A8FA00D6882F /* CustomTextField.swift */ = {isa = PBXFileReference; lastKnownFileType = sourcecode.swift; path = CustomTextField.swift; sourceTree = "<group>"; };
		3B0BB6CD2B52B4A200D6882F /* CustomSecureField.swift */ = {isa = PBXFileReference; lastKnownFileType = sourcecode.swift; path = CustomSecureField.swift; sourceTree = "<group>"; };
		3B0BB6D02B52C5E300D6882F /* SessionManager.swift */ = {isa = PBXFileReference; lastKnownFileType = sourcecode.swift; path = SessionManager.swift; sourceTree = "<group>"; };
		3B0BB6D42B52C78300D6882F /* MainAppScreen.swift */ = {isa = PBXFileReference; lastKnownFileType = sourcecode.swift; path = MainAppScreen.swift; sourceTree = "<group>"; };
		3B0BB6D62B52CA3200D6882F /* OnboardingScreen.swift */ = {isa = PBXFileReference; lastKnownFileType = sourcecode.swift; path = OnboardingScreen.swift; sourceTree = "<group>"; };
		3B0BB6D82B52E94000D6882F /* OnboardingView.swift */ = {isa = PBXFileReference; lastKnownFileType = sourcecode.swift; path = OnboardingView.swift; sourceTree = "<group>"; };
		3B0BB6DC2B52E9E000D6882F /* OnboardingManager.swift */ = {isa = PBXFileReference; lastKnownFileType = sourcecode.swift; path = OnboardingManager.swift; sourceTree = "<group>"; };
		3B0BB6DF2B52EA5A00D6882F /* OnboardingItem.swift */ = {isa = PBXFileReference; lastKnownFileType = sourcecode.swift; path = OnboardingItem.swift; sourceTree = "<group>"; };
		3B0BB6E32B52F85400D6882F /* EmailView.swift */ = {isa = PBXFileReference; lastKnownFileType = sourcecode.swift; path = EmailView.swift; sourceTree = "<group>"; };
		3B0BB6E52B52FB1500D6882F /* PasswordView.swift */ = {isa = PBXFileReference; lastKnownFileType = sourcecode.swift; path = PasswordView.swift; sourceTree = "<group>"; };
		3B0BB6E72B52FCAB00D6882F /* SignUpScreen.swift */ = {isa = PBXFileReference; lastKnownFileType = sourcecode.swift; path = SignUpScreen.swift; sourceTree = "<group>"; };
		3B0BB6E92B52FD7B00D6882F /* AuthManager.swift */ = {isa = PBXFileReference; lastKnownFileType = sourcecode.swift; path = AuthManager.swift; sourceTree = "<group>"; };
		3B0BB6EB2B5304E900D6882F /* User.swift */ = {isa = PBXFileReference; lastKnownFileType = sourcecode.swift; path = User.swift; sourceTree = "<group>"; };
		3B0BB6F22B54481700D6882F /* HTTPClient.swift */ = {isa = PBXFileReference; fileEncoding = 4; lastKnownFileType = sourcecode.swift; path = HTTPClient.swift; sourceTree = "<group>"; };
		3B0BB6F82B544BD900D6882F /* ImageCache.swift */ = {isa = PBXFileReference; fileEncoding = 4; lastKnownFileType = sourcecode.swift; path = ImageCache.swift; sourceTree = "<group>"; };
		3B0BB6FA2B544BDC00D6882F /* CachedImageManager.swift */ = {isa = PBXFileReference; lastKnownFileType = sourcecode.swift; path = CachedImageManager.swift; sourceTree = "<group>"; };
		3B0BB6FC2B544BDE00D6882F /* ImageRetriever.swift */ = {isa = PBXFileReference; lastKnownFileType = sourcecode.swift; path = ImageRetriever.swift; sourceTree = "<group>"; };
		3B0BB6FE2B544BE100D6882F /* CachedImage.swift */ = {isa = PBXFileReference; lastKnownFileType = sourcecode.swift; path = CachedImage.swift; sourceTree = "<group>"; };
		3B0BB7002B545E9B00D6882F /* NameView.swift */ = {isa = PBXFileReference; lastKnownFileType = sourcecode.swift; path = NameView.swift; sourceTree = "<group>"; };
		3B0BB7022B5706EB00D6882F /* CreateUserResponseDTO.swift */ = {isa = PBXFileReference; lastKnownFileType = sourcecode.swift; path = CreateUserResponseDTO.swift; sourceTree = "<group>"; };
		3B33F2932B6A894500A2B7C2 /* CategoryResponseDTO.swift */ = {isa = PBXFileReference; lastKnownFileType = sourcecode.swift; path = CategoryResponseDTO.swift; sourceTree = "<group>"; };
		3B33F2952B6A96AC00A2B7C2 /* CustomPicker.swift */ = {isa = PBXFileReference; lastKnownFileType = sourcecode.swift; path = CustomPicker.swift; sourceTree = "<group>"; };
		3B33F2972B6AD32000A2B7C2 /* ProductsResponseDTO.swift */ = {isa = PBXFileReference; lastKnownFileType = sourcecode.swift; path = ProductsResponseDTO.swift; sourceTree = "<group>"; };
		3B798F352B618AC400E07E9A /* TextInputField.swift */ = {isa = PBXFileReference; lastKnownFileType = sourcecode.swift; path = TextInputField.swift; sourceTree = "<group>"; };
		3B801F582B619CE5007FD851 /* ValidationTextField.swift */ = {isa = PBXFileReference; lastKnownFileType = sourcecode.swift; path = ValidationTextField.swift; sourceTree = "<group>"; };
		3B801F5A2B61A45D007FD851 /* ValidationSecureField.swift */ = {isa = PBXFileReference; lastKnownFileType = sourcecode.swift; path = ValidationSecureField.swift; sourceTree = "<group>"; };
		3B801F5C2B61AE61007FD851 /* trytextfield.swift */ = {isa = PBXFileReference; lastKnownFileType = sourcecode.swift; path = trytextfield.swift; sourceTree = "<group>"; };
		3B8BC8462B570D7B00A21F6B /* EndPointEnum.swift */ = {isa = PBXFileReference; lastKnownFileType = sourcecode.swift; path = EndPointEnum.swift; sourceTree = "<group>"; };
		3B8BC8482B5712F300A21F6B /* DeleteProductResponseDTO.swift */ = {isa = PBXFileReference; lastKnownFileType = sourcecode.swift; path = DeleteProductResponseDTO.swift; sourceTree = "<group>"; };
		3B995CDC2B59D13800E97DD7 /* Auth.swift */ = {isa = PBXFileReference; lastKnownFileType = sourcecode.swift; path = Auth.swift; sourceTree = "<group>"; };
		3BB45C942B658BA800D20081 /* NameView1.swift */ = {isa = PBXFileReference; lastKnownFileType = sourcecode.swift; path = NameView1.swift; sourceTree = "<group>"; };
		3BB45C962B65AEBD00D20081 /* EmailView1.swift */ = {isa = PBXFileReference; lastKnownFileType = sourcecode.swift; path = EmailView1.swift; sourceTree = "<group>"; };
		3BB45C982B66B97100D20081 /* TextInputSecureField.swift */ = {isa = PBXFileReference; lastKnownFileType = sourcecode.swift; path = TextInputSecureField.swift; sourceTree = "<group>"; };
		3BB45C9A2B66BB6900D20081 /* PasswordView1.swift */ = {isa = PBXFileReference; lastKnownFileType = sourcecode.swift; path = PasswordView1.swift; sourceTree = "<group>"; };
		3BF26F122B5DA3DA00DFDF2B /* Extension+String.swift */ = {isa = PBXFileReference; lastKnownFileType = sourcecode.swift; path = "Extension+String.swift"; sourceTree = "<group>"; };
		3BF26F1B2B5EEEAA00DFDF2B /* HomeScreenViewModel.swift */ = {isa = PBXFileReference; lastKnownFileType = sourcecode.swift; path = HomeScreenViewModel.swift; sourceTree = "<group>"; };
/* End PBXFileReference section */

/* Begin PBXFrameworksBuildPhase section */
		3B0BB6AB2B52A1C800D6882F /* Frameworks */ = {
			isa = PBXFrameworksBuildPhase;
			buildActionMask = 2147483647;
			files = (
			);
			runOnlyForDeploymentPostprocessing = 0;
		};
/* End PBXFrameworksBuildPhase section */

/* Begin PBXGroup section */
		3B0BB6A52B52A1C800D6882F = {
			isa = PBXGroup;
			children = (
				3B0BB6B02B52A1C800D6882F /* FakeStore APP */,
				3B0BB6AF2B52A1C800D6882F /* Products */,
			);
			sourceTree = "<group>";
		};
		3B0BB6AF2B52A1C800D6882F /* Products */ = {
			isa = PBXGroup;
			children = (
				3B0BB6AE2B52A1C800D6882F /* FakeStore APP.app */,
			);
			name = Products;
			sourceTree = "<group>";
		};
		3B0BB6B02B52A1C800D6882F /* FakeStore APP */ = {
			isa = PBXGroup;
			children = (
				3B0BB6BF2B52A35000D6882F /* App */,
				3B0BB6C02B52A35700D6882F /* Core */,
				3B0BB6C22B52A4E000D6882F /* Screens */,
				3B0BB6C12B52A43200D6882F /* Views */,
				3B0BB6DE2B52EA4700D6882F /* Models */,
				3B0BB6B52B52A1C900D6882F /* Assets.xcassets */,
				3B0BB6B72B52A1C900D6882F /* Preview Content */,
			);
			path = "FakeStore APP";
			sourceTree = "<group>";
		};
		3B0BB6B72B52A1C900D6882F /* Preview Content */ = {
			isa = PBXGroup;
			children = (
				3B0BB6B82B52A1C900D6882F /* Preview Assets.xcassets */,
			);
			path = "Preview Content";
			sourceTree = "<group>";
		};
		3B0BB6BF2B52A35000D6882F /* App */ = {
			isa = PBXGroup;
			children = (
				3B0BB6B12B52A1C800D6882F /* FakeStore_APPApp.swift */,
			);
			path = App;
			sourceTree = "<group>";
		};
		3B0BB6C02B52A35700D6882F /* Core */ = {
			isa = PBXGroup;
			children = (
				3BF26F112B5DA3CC00DFDF2B /* Utilities */,
				3B0BB6F72B544BCE00D6882F /* Cache */,
				3B0BB6CF2B52C5CD00D6882F /* SessionManager */,
				3B0BB6F42B54482100D6882F /* NetworkManager */,
			);
			path = Core;
			sourceTree = "<group>";
		};
		3B0BB6C12B52A43200D6882F /* Views */ = {
			isa = PBXGroup;
			children = (
				3B0BB6C52B52A8FA00D6882F /* CustomTextField.swift */,
				3B0BB6CD2B52B4A200D6882F /* CustomSecureField.swift */,
				3B0BB6D82B52E94000D6882F /* OnboardingView.swift */,
				3B0BB6E32B52F85400D6882F /* EmailView.swift */,
				3BB45C962B65AEBD00D20081 /* EmailView1.swift */,
				3B0BB6E52B52FB1500D6882F /* PasswordView.swift */,
				3BB45C9A2B66BB6900D20081 /* PasswordView1.swift */,
				3B0BB7002B545E9B00D6882F /* NameView.swift */,
				3BB45C942B658BA800D20081 /* NameView1.swift */,
				3B798F352B618AC400E07E9A /* TextInputField.swift */,
				3BB45C982B66B97100D20081 /* TextInputSecureField.swift */,
				3B801F582B619CE5007FD851 /* ValidationTextField.swift */,
				3B801F5A2B61A45D007FD851 /* ValidationSecureField.swift */,
				3B801F5C2B61AE61007FD851 /* trytextfield.swift */,
				3B33F2952B6A96AC00A2B7C2 /* CustomPicker.swift */,
			);
			path = Views;
			sourceTree = "<group>";
		};
		3B0BB6C22B52A4E000D6882F /* Screens */ = {
			isa = PBXGroup;
			children = (
				3B0BB6F12B5447BD00D6882F /* LoginFlow */,
				3BF26F1A2B5EEE8C00DFDF2B /* HomeScreen */,
			);
			path = Screens;
			sourceTree = "<group>";
		};
		3B0BB6CF2B52C5CD00D6882F /* SessionManager */ = {
			isa = PBXGroup;
			children = (
				3B0BB6D02B52C5E300D6882F /* SessionManager.swift */,
				3B0BB6DC2B52E9E000D6882F /* OnboardingManager.swift */,
				3B0BB6E92B52FD7B00D6882F /* AuthManager.swift */,
			);
			path = SessionManager;
			sourceTree = "<group>";
		};
		3B0BB6DE2B52EA4700D6882F /* Models */ = {
			isa = PBXGroup;
			children = (
				3B0BB6DF2B52EA5A00D6882F /* OnboardingItem.swift */,
				3B0BB6EB2B5304E900D6882F /* User.swift */,
				3B0BB7022B5706EB00D6882F /* CreateUserResponseDTO.swift */,
				3B8BC8482B5712F300A21F6B /* DeleteProductResponseDTO.swift */,
				3B995CDC2B59D13800E97DD7 /* Auth.swift */,
				3B33F2932B6A894500A2B7C2 /* CategoryResponseDTO.swift */,
				3B33F2972B6AD32000A2B7C2 /* ProductsResponseDTO.swift */,
			);
			path = Models;
			sourceTree = "<group>";
		};
		3B0BB6F12B5447BD00D6882F /* LoginFlow */ = {
			isa = PBXGroup;
			children = (
				3B0BB6D42B52C78300D6882F /* MainAppScreen.swift */,
				3B0BB6D62B52CA3200D6882F /* OnboardingScreen.swift */,
				3B0BB6E72B52FCAB00D6882F /* SignUpScreen.swift */,
				3B0BB6C32B52A51600D6882F /* LoginScreen.swift */,
			);
			path = LoginFlow;
			sourceTree = "<group>";
		};
		3B0BB6F42B54482100D6882F /* NetworkManager */ = {
			isa = PBXGroup;
			children = (
				3B0BB6F22B54481700D6882F /* HTTPClient.swift */,
				3B8BC8462B570D7B00A21F6B /* EndPointEnum.swift */,
			);
			path = NetworkManager;
			sourceTree = "<group>";
		};
		3B0BB6F72B544BCE00D6882F /* Cache */ = {
			isa = PBXGroup;
			children = (
				3B0BB6FA2B544BDC00D6882F /* CachedImageManager.swift */,
				3B0BB6F82B544BD900D6882F /* ImageCache.swift */,
				3B0BB6FC2B544BDE00D6882F /* ImageRetriever.swift */,
				3B0BB6FE2B544BE100D6882F /* CachedImage.swift */,
			);
			path = Cache;
			sourceTree = "<group>";
		};
		3BF26F112B5DA3CC00DFDF2B /* Utilities */ = {
			isa = PBXGroup;
			children = (
				3BF26F122B5DA3DA00DFDF2B /* Extension+String.swift */,
			);
			path = Utilities;
			sourceTree = "<group>";
		};
		3BF26F1A2B5EEE8C00DFDF2B /* HomeScreen */ = {
			isa = PBXGroup;
			children = (
				3B0BB6B32B52A1C800D6882F /* HomeScreen.swift */,
				3BF26F1B2B5EEEAA00DFDF2B /* HomeScreenViewModel.swift */,
			);
			path = HomeScreen;
			sourceTree = "<group>";
		};
/* End PBXGroup section */

/* Begin PBXNativeTarget section */
		3B0BB6AD2B52A1C800D6882F /* FakeStore APP */ = {
			isa = PBXNativeTarget;
			buildConfigurationList = 3B0BB6BC2B52A1C900D6882F /* Build configuration list for PBXNativeTarget "FakeStore APP" */;
			buildPhases = (
				3B0BB6AA2B52A1C800D6882F /* Sources */,
				3B0BB6AB2B52A1C800D6882F /* Frameworks */,
				3B0BB6AC2B52A1C800D6882F /* Resources */,
			);
			buildRules = (
			);
			dependencies = (
			);
			name = "FakeStore APP";
			productName = "FakeStore APP";
			productReference = 3B0BB6AE2B52A1C800D6882F /* FakeStore APP.app */;
			productType = "com.apple.product-type.application";
		};
/* End PBXNativeTarget section */

/* Begin PBXProject section */
		3B0BB6A62B52A1C800D6882F /* Project object */ = {
			isa = PBXProject;
			attributes = {
				BuildIndependentTargetsInParallel = 1;
				LastSwiftUpdateCheck = 1520;
				LastUpgradeCheck = 1520;
				TargetAttributes = {
					3B0BB6AD2B52A1C800D6882F = {
						CreatedOnToolsVersion = 15.2;
					};
				};
			};
			buildConfigurationList = 3B0BB6A92B52A1C800D6882F /* Build configuration list for PBXProject "FakeStore APP" */;
			compatibilityVersion = "Xcode 14.0";
			developmentRegion = en;
			hasScannedForEncodings = 0;
			knownRegions = (
				en,
				Base,
			);
			mainGroup = 3B0BB6A52B52A1C800D6882F;
			productRefGroup = 3B0BB6AF2B52A1C800D6882F /* Products */;
			projectDirPath = "";
			projectRoot = "";
			targets = (
				3B0BB6AD2B52A1C800D6882F /* FakeStore APP */,
			);
		};
/* End PBXProject section */

/* Begin PBXResourcesBuildPhase section */
		3B0BB6AC2B52A1C800D6882F /* Resources */ = {
			isa = PBXResourcesBuildPhase;
			buildActionMask = 2147483647;
			files = (
				3B0BB6B92B52A1C900D6882F /* Preview Assets.xcassets in Resources */,
				3B0BB6B62B52A1C900D6882F /* Assets.xcassets in Resources */,
			);
			runOnlyForDeploymentPostprocessing = 0;
		};
/* End PBXResourcesBuildPhase section */

/* Begin PBXSourcesBuildPhase section */
		3B0BB6AA2B52A1C800D6882F /* Sources */ = {
			isa = PBXSourcesBuildPhase;
			buildActionMask = 2147483647;
			files = (
				3B0BB6EA2B52FD7B00D6882F /* AuthManager.swift in Sources */,
				3BB45C9B2B66BB6900D20081 /* PasswordView1.swift in Sources */,
				3B0BB6E42B52F85400D6882F /* EmailView.swift in Sources */,
				3B33F2982B6AD32000A2B7C2 /* ProductsResponseDTO.swift in Sources */,
				3B0BB6F32B54481700D6882F /* HTTPClient.swift in Sources */,
				3B0BB6C62B52A8FA00D6882F /* CustomTextField.swift in Sources */,
				3B0BB6B42B52A1C800D6882F /* HomeScreen.swift in Sources */,
				3BF26F132B5DA3DA00DFDF2B /* Extension+String.swift in Sources */,
				3B801F592B619CE5007FD851 /* ValidationTextField.swift in Sources */,
				3B0BB7012B545E9B00D6882F /* NameView.swift in Sources */,
				3B0BB6EC2B5304E900D6882F /* User.swift in Sources */,
				3B0BB7032B5706EB00D6882F /* CreateUserResponseDTO.swift in Sources */,
				3BF26F1C2B5EEEAA00DFDF2B /* HomeScreenViewModel.swift in Sources */,
				3B33F2962B6A96AC00A2B7C2 /* CustomPicker.swift in Sources */,
				3B801F5B2B61A45D007FD851 /* ValidationSecureField.swift in Sources */,
				3B8BC8492B5712F300A21F6B /* DeleteProductResponseDTO.swift in Sources */,
				3B801F5D2B61AE61007FD851 /* trytextfield.swift in Sources */,
				3B0BB6D52B52C78300D6882F /* MainAppScreen.swift in Sources */,
				3BB45C952B658BA800D20081 /* NameView1.swift in Sources */,
				3B0BB6E62B52FB1500D6882F /* PasswordView.swift in Sources */,
				3B8BC8472B570D7B00A21F6B /* EndPointEnum.swift in Sources */,
				3B0BB6FB2B544BDC00D6882F /* CachedImageManager.swift in Sources */,
				3B0BB6D12B52C5E300D6882F /* SessionManager.swift in Sources */,
				3BB45C992B66B97100D20081 /* TextInputSecureField.swift in Sources */,
				3B0BB6D72B52CA3200D6882F /* OnboardingScreen.swift in Sources */,
				3B0BB6E02B52EA5A00D6882F /* OnboardingItem.swift in Sources */,
				3B995CDD2B59D13800E97DD7 /* Auth.swift in Sources */,
				3B0BB6DD2B52E9E000D6882F /* OnboardingManager.swift in Sources */,
				3B0BB6F92B544BD900D6882F /* ImageCache.swift in Sources */,
				3BB45C972B65AEBD00D20081 /* EmailView1.swift in Sources */,
				3B0BB6FD2B544BDE00D6882F /* ImageRetriever.swift in Sources */,
				3B0BB6E82B52FCAB00D6882F /* SignUpScreen.swift in Sources */,
				3B0BB6D92B52E94000D6882F /* OnboardingView.swift in Sources */,
				3B798F362B618AC400E07E9A /* TextInputField.swift in Sources */,
				3B0BB6FF2B544BE100D6882F /* CachedImage.swift in Sources */,
				3B0BB6B22B52A1C800D6882F /* FakeStore_APPApp.swift in Sources */,
				3B0BB6CE2B52B4A200D6882F /* CustomSecureField.swift in Sources */,
				3B33F2942B6A894500A2B7C2 /* CategoryResponseDTO.swift in Sources */,
				3B0BB6C42B52A51600D6882F /* LoginScreen.swift in Sources */,
			);
			runOnlyForDeploymentPostprocessing = 0;
		};
/* End PBXSourcesBuildPhase section */

/* Begin XCBuildConfiguration section */
		3B0BB6BA2B52A1C900D6882F /* Debug */ = {
			isa = XCBuildConfiguration;
			buildSettings = {
				ALWAYS_SEARCH_USER_PATHS = NO;
				ASSETCATALOG_COMPILER_GENERATE_SWIFT_ASSET_SYMBOL_EXTENSIONS = YES;
				CLANG_ANALYZER_NONNULL = YES;
				CLANG_ANALYZER_NUMBER_OBJECT_CONVERSION = YES_AGGRESSIVE;
				CLANG_CXX_LANGUAGE_STANDARD = "gnu++20";
				CLANG_ENABLE_MODULES = YES;
				CLANG_ENABLE_OBJC_ARC = YES;
				CLANG_ENABLE_OBJC_WEAK = YES;
				CLANG_WARN_BLOCK_CAPTURE_AUTORELEASING = YES;
				CLANG_WARN_BOOL_CONVERSION = YES;
				CLANG_WARN_COMMA = YES;
				CLANG_WARN_CONSTANT_CONVERSION = YES;
				CLANG_WARN_DEPRECATED_OBJC_IMPLEMENTATIONS = YES;
				CLANG_WARN_DIRECT_OBJC_ISA_USAGE = YES_ERROR;
				CLANG_WARN_DOCUMENTATION_COMMENTS = YES;
				CLANG_WARN_EMPTY_BODY = YES;
				CLANG_WARN_ENUM_CONVERSION = YES;
				CLANG_WARN_INFINITE_RECURSION = YES;
				CLANG_WARN_INT_CONVERSION = YES;
				CLANG_WARN_NON_LITERAL_NULL_CONVERSION = YES;
				CLANG_WARN_OBJC_IMPLICIT_RETAIN_SELF = YES;
				CLANG_WARN_OBJC_LITERAL_CONVERSION = YES;
				CLANG_WARN_OBJC_ROOT_CLASS = YES_ERROR;
				CLANG_WARN_QUOTED_INCLUDE_IN_FRAMEWORK_HEADER = YES;
				CLANG_WARN_RANGE_LOOP_ANALYSIS = YES;
				CLANG_WARN_STRICT_PROTOTYPES = YES;
				CLANG_WARN_SUSPICIOUS_MOVE = YES;
				CLANG_WARN_UNGUARDED_AVAILABILITY = YES_AGGRESSIVE;
				CLANG_WARN_UNREACHABLE_CODE = YES;
				CLANG_WARN__DUPLICATE_METHOD_MATCH = YES;
				COPY_PHASE_STRIP = NO;
				DEBUG_INFORMATION_FORMAT = dwarf;
				ENABLE_STRICT_OBJC_MSGSEND = YES;
				ENABLE_TESTABILITY = YES;
				ENABLE_USER_SCRIPT_SANDBOXING = YES;
				GCC_C_LANGUAGE_STANDARD = gnu17;
				GCC_DYNAMIC_NO_PIC = NO;
				GCC_NO_COMMON_BLOCKS = YES;
				GCC_OPTIMIZATION_LEVEL = 0;
				GCC_PREPROCESSOR_DEFINITIONS = (
					"DEBUG=1",
					"$(inherited)",
				);
				GCC_WARN_64_TO_32_BIT_CONVERSION = YES;
				GCC_WARN_ABOUT_RETURN_TYPE = YES_ERROR;
				GCC_WARN_UNDECLARED_SELECTOR = YES;
				GCC_WARN_UNINITIALIZED_AUTOS = YES_AGGRESSIVE;
				GCC_WARN_UNUSED_FUNCTION = YES;
				GCC_WARN_UNUSED_VARIABLE = YES;
				IPHONEOS_DEPLOYMENT_TARGET = 17.2;
				LOCALIZATION_PREFERS_STRING_CATALOGS = YES;
				MTL_ENABLE_DEBUG_INFO = INCLUDE_SOURCE;
				MTL_FAST_MATH = YES;
				ONLY_ACTIVE_ARCH = YES;
				SDKROOT = iphoneos;
				SWIFT_ACTIVE_COMPILATION_CONDITIONS = "DEBUG $(inherited)";
				SWIFT_OPTIMIZATION_LEVEL = "-Onone";
			};
			name = Debug;
		};
		3B0BB6BB2B52A1C900D6882F /* Release */ = {
			isa = XCBuildConfiguration;
			buildSettings = {
				ALWAYS_SEARCH_USER_PATHS = NO;
				ASSETCATALOG_COMPILER_GENERATE_SWIFT_ASSET_SYMBOL_EXTENSIONS = YES;
				CLANG_ANALYZER_NONNULL = YES;
				CLANG_ANALYZER_NUMBER_OBJECT_CONVERSION = YES_AGGRESSIVE;
				CLANG_CXX_LANGUAGE_STANDARD = "gnu++20";
				CLANG_ENABLE_MODULES = YES;
				CLANG_ENABLE_OBJC_ARC = YES;
				CLANG_ENABLE_OBJC_WEAK = YES;
				CLANG_WARN_BLOCK_CAPTURE_AUTORELEASING = YES;
				CLANG_WARN_BOOL_CONVERSION = YES;
				CLANG_WARN_COMMA = YES;
				CLANG_WARN_CONSTANT_CONVERSION = YES;
				CLANG_WARN_DEPRECATED_OBJC_IMPLEMENTATIONS = YES;
				CLANG_WARN_DIRECT_OBJC_ISA_USAGE = YES_ERROR;
				CLANG_WARN_DOCUMENTATION_COMMENTS = YES;
				CLANG_WARN_EMPTY_BODY = YES;
				CLANG_WARN_ENUM_CONVERSION = YES;
				CLANG_WARN_INFINITE_RECURSION = YES;
				CLANG_WARN_INT_CONVERSION = YES;
				CLANG_WARN_NON_LITERAL_NULL_CONVERSION = YES;
				CLANG_WARN_OBJC_IMPLICIT_RETAIN_SELF = YES;
				CLANG_WARN_OBJC_LITERAL_CONVERSION = YES;
				CLANG_WARN_OBJC_ROOT_CLASS = YES_ERROR;
				CLANG_WARN_QUOTED_INCLUDE_IN_FRAMEWORK_HEADER = YES;
				CLANG_WARN_RANGE_LOOP_ANALYSIS = YES;
				CLANG_WARN_STRICT_PROTOTYPES = YES;
				CLANG_WARN_SUSPICIOUS_MOVE = YES;
				CLANG_WARN_UNGUARDED_AVAILABILITY = YES_AGGRESSIVE;
				CLANG_WARN_UNREACHABLE_CODE = YES;
				CLANG_WARN__DUPLICATE_METHOD_MATCH = YES;
				COPY_PHASE_STRIP = NO;
				DEBUG_INFORMATION_FORMAT = "dwarf-with-dsym";
				ENABLE_NS_ASSERTIONS = NO;
				ENABLE_STRICT_OBJC_MSGSEND = YES;
				ENABLE_USER_SCRIPT_SANDBOXING = YES;
				GCC_C_LANGUAGE_STANDARD = gnu17;
				GCC_NO_COMMON_BLOCKS = YES;
				GCC_WARN_64_TO_32_BIT_CONVERSION = YES;
				GCC_WARN_ABOUT_RETURN_TYPE = YES_ERROR;
				GCC_WARN_UNDECLARED_SELECTOR = YES;
				GCC_WARN_UNINITIALIZED_AUTOS = YES_AGGRESSIVE;
				GCC_WARN_UNUSED_FUNCTION = YES;
				GCC_WARN_UNUSED_VARIABLE = YES;
				IPHONEOS_DEPLOYMENT_TARGET = 17.2;
				LOCALIZATION_PREFERS_STRING_CATALOGS = YES;
				MTL_ENABLE_DEBUG_INFO = NO;
				MTL_FAST_MATH = YES;
				SDKROOT = iphoneos;
				SWIFT_COMPILATION_MODE = wholemodule;
				VALIDATE_PRODUCT = YES;
			};
			name = Release;
		};
		3B0BB6BD2B52A1C900D6882F /* Debug */ = {
			isa = XCBuildConfiguration;
			buildSettings = {
				ASSETCATALOG_COMPILER_APPICON_NAME = AppIcon;
				ASSETCATALOG_COMPILER_GLOBAL_ACCENT_COLOR_NAME = AccentColor;
				CODE_SIGN_STYLE = Automatic;
				CURRENT_PROJECT_VERSION = 1;
				DEVELOPMENT_ASSET_PATHS = "\"FakeStore APP/Preview Content\"";
				DEVELOPMENT_TEAM = FQWAP959Y3;
				ENABLE_PREVIEWS = YES;
				GENERATE_INFOPLIST_FILE = YES;
				INFOPLIST_KEY_UIApplicationSceneManifest_Generation = YES;
				INFOPLIST_KEY_UIApplicationSupportsIndirectInputEvents = YES;
				INFOPLIST_KEY_UILaunchScreen_Generation = YES;
				INFOPLIST_KEY_UISupportedInterfaceOrientations_iPad = "UIInterfaceOrientationPortrait UIInterfaceOrientationPortraitUpsideDown UIInterfaceOrientationLandscapeLeft UIInterfaceOrientationLandscapeRight";
				INFOPLIST_KEY_UISupportedInterfaceOrientations_iPhone = "UIInterfaceOrientationPortrait UIInterfaceOrientationLandscapeLeft UIInterfaceOrientationLandscapeRight";
				LD_RUNPATH_SEARCH_PATHS = (
					"$(inherited)",
					"@executable_path/Frameworks",
				);
				MARKETING_VERSION = 1.0;
				PRODUCT_BUNDLE_IDENTIFIER = "com.onflyer.FakeStore-APP";
				PRODUCT_NAME = "$(TARGET_NAME)";
				SWIFT_EMIT_LOC_STRINGS = YES;
				SWIFT_VERSION = 5.0;
				TARGETED_DEVICE_FAMILY = "1,2";
			};
			name = Debug;
		};
		3B0BB6BE2B52A1C900D6882F /* Release */ = {
			isa = XCBuildConfiguration;
			buildSettings = {
				ASSETCATALOG_COMPILER_APPICON_NAME = AppIcon;
				ASSETCATALOG_COMPILER_GLOBAL_ACCENT_COLOR_NAME = AccentColor;
				CODE_SIGN_STYLE = Automatic;
				CURRENT_PROJECT_VERSION = 1;
				DEVELOPMENT_ASSET_PATHS = "\"FakeStore APP/Preview Content\"";
				DEVELOPMENT_TEAM = FQWAP959Y3;
				ENABLE_PREVIEWS = YES;
				GENERATE_INFOPLIST_FILE = YES;
				INFOPLIST_KEY_UIApplicationSceneManifest_Generation = YES;
				INFOPLIST_KEY_UIApplicationSupportsIndirectInputEvents = YES;
				INFOPLIST_KEY_UILaunchScreen_Generation = YES;
				INFOPLIST_KEY_UISupportedInterfaceOrientations_iPad = "UIInterfaceOrientationPortrait UIInterfaceOrientationPortraitUpsideDown UIInterfaceOrientationLandscapeLeft UIInterfaceOrientationLandscapeRight";
				INFOPLIST_KEY_UISupportedInterfaceOrientations_iPhone = "UIInterfaceOrientationPortrait UIInterfaceOrientationLandscapeLeft UIInterfaceOrientationLandscapeRight";
				LD_RUNPATH_SEARCH_PATHS = (
					"$(inherited)",
					"@executable_path/Frameworks",
				);
				MARKETING_VERSION = 1.0;
				PRODUCT_BUNDLE_IDENTIFIER = "com.onflyer.FakeStore-APP";
				PRODUCT_NAME = "$(TARGET_NAME)";
				SWIFT_EMIT_LOC_STRINGS = YES;
				SWIFT_VERSION = 5.0;
				TARGETED_DEVICE_FAMILY = "1,2";
			};
			name = Release;
		};
/* End XCBuildConfiguration section */

/* Begin XCConfigurationList section */
		3B0BB6A92B52A1C800D6882F /* Build configuration list for PBXProject "FakeStore APP" */ = {
			isa = XCConfigurationList;
			buildConfigurations = (
				3B0BB6BA2B52A1C900D6882F /* Debug */,
				3B0BB6BB2B52A1C900D6882F /* Release */,
			);
			defaultConfigurationIsVisible = 0;
			defaultConfigurationName = Release;
		};
		3B0BB6BC2B52A1C900D6882F /* Build configuration list for PBXNativeTarget "FakeStore APP" */ = {
			isa = XCConfigurationList;
			buildConfigurations = (
				3B0BB6BD2B52A1C900D6882F /* Debug */,
				3B0BB6BE2B52A1C900D6882F /* Release */,
			);
			defaultConfigurationIsVisible = 0;
			defaultConfigurationName = Release;
		};
/* End XCConfigurationList section */
	};
	rootObject = 3B0BB6A62B52A1C800D6882F /* Project object */;
}
